
Microsoft Visual Studio Solution File, Format Version 12.00
# Visual Studio Version 17
VisualStudioVersion = 17.5.2.0
MinimumVisualStudioVersion = 10.0.40219.1
Project("{FAE04EC0-301F-11D3-BF4B-00C04F79EFBC}") = "shop-server", "shop-server\shop-server.csproj", "{CCE33833-B9C9-940A-332D-70B1F72B072F}"
EndProject
Project("{FAE04EC0-301F-11D3-BF4B-00C04F79EFBC}") = "shop-server.Tests", "shop-server.Tests\shop-server.Tests.csproj", "{98F59623-9D25-42E6-A9B0-E091F1F45D83}"
EndProject
Global
	GlobalSection(SolutionConfigurationPlatforms) = preSolution
		Debug|Any CPU = Debug|Any CPU
		Debug|x64 = Debug|x64
		Debug|x86 = Debug|x86
		Release|Any CPU = Release|Any CPU
		Release|x64 = Release|x64
		Release|x86 = Release|x86
	EndGlobalSection
	GlobalSection(ProjectConfigurationPlatforms) = postSolution
		{CCE33833-B9C9-940A-332D-70B1F72B072F}.Debug|Any CPU.ActiveCfg = Debug|Any CPU
		{CCE33833-B9C9-940A-332D-70B1F72B072F}.Debug|Any CPU.Build.0 = Debug|Any CPU
		{CCE33833-B9C9-940A-332D-70B1F72B072F}.Debug|x64.ActiveCfg = Debug|Any CPU
		{CCE33833-B9C9-940A-332D-70B1F72B072F}.Debug|x64.Build.0 = Debug|Any CPU
		{CCE33833-B9C9-940A-332D-70B1F72B072F}.Debug|x86.ActiveCfg = Debug|Any CPU
		{CCE33833-B9C9-940A-332D-70B1F72B072F}.Debug|x86.Build.0 = Debug|Any CPU
		{CCE33833-B9C9-940A-332D-70B1F72B072F}.Release|Any CPU.ActiveCfg = Release|Any CPU
		{CCE33833-B9C9-940A-332D-70B1F72B072F}.Release|Any CPU.Build.0 = Release|Any CPU
		{CCE33833-B9C9-940A-332D-70B1F72B072F}.Release|x64.ActiveCfg = Release|Any CPU
		{CCE33833-B9C9-940A-332D-70B1F72B072F}.Release|x64.Build.0 = Release|Any CPU
		{CCE33833-B9C9-940A-332D-70B1F72B072F}.Release|x86.ActiveCfg = Release|Any CPU
		{CCE33833-B9C9-940A-332D-70B1F72B072F}.Release|x86.Build.0 = Release|Any CPU
		{98F59623-9D25-42E6-A9B0-E091F1F45D83}.Debug|Any CPU.ActiveCfg = Debug|Any CPU
		{98F59623-9D25-42E6-A9B0-E091F1F45D83}.Debug|Any CPU.Build.0 = Debug|Any CPU
		{98F59623-9D25-42E6-A9B0-E091F1F45D83}.Debug|x64.ActiveCfg = Debug|Any CPU
		{98F59623-9D25-42E6-A9B0-E091F1F45D83}.Debug|x64.Build.0 = Debug|Any CPU
		{98F59623-9D25-42E6-A9B0-E091F1F45D83}.Debug|x86.ActiveCfg = Debug|Any CPU
		{98F59623-9D25-42E6-A9B0-E091F1F45D83}.Debug|x86.Build.0 = Debug|Any CPU
		{98F59623-9D25-42E6-A9B0-E091F1F45D83}.Release|Any CPU.ActiveCfg = Release|Any CPU
		{98F59623-9D25-42E6-A9B0-E091F1F45D83}.Release|Any CPU.Build.0 = Release|Any CPU
		{98F59623-9D25-42E6-A9B0-E091F1F45D83}.Release|x64.ActiveCfg = Release|Any CPU
		{98F59623-9D25-42E6-A9B0-E091F1F45D83}.Release|x64.Build.0 = Release|Any CPU
		{98F59623-9D25-42E6-A9B0-E091F1F45D83}.Release|x86.ActiveCfg = Release|Any CPU
		{98F59623-9D25-42E6-A9B0-E091F1F45D83}.Release|x86.Build.0 = Release|Any CPU
	EndGlobalSection
	GlobalSection(SolutionProperties) = preSolution
		HideSolutionNode = FALSE
	EndGlobalSection
	GlobalSection(ExtensibilityGlobals) = postSolution
		SolutionGuid = {20690101-29CD-46BB-AC0D-4AAE9C911E59}
	EndGlobalSection
EndGlobal
